
Microsoft Visual Studio Solution File, Format Version 12.00
# Visual Studio Version 16
VisualStudioVersion = 16.0.31729.503
MinimumVisualStudioVersion = 10.0.40219.1
Project("{FAE04EC0-301F-11D3-BF4B-00C04F79EFBC}") = "TurtleChallange", "TurtleChallange.csproj", "{B3B67F17-93CD-4BE7-BF7B-8E36260CF539}"
EndProject
Global
	GlobalSection(SolutionConfigurationPlatforms) = preSolution
		Debug|Any CPU = Debug|Any CPU
		Release|Any CPU = Release|Any CPU
	EndGlobalSection
	GlobalSection(ProjectConfigurationPlatforms) = postSolution
		{B3B67F17-93CD-4BE7-BF7B-8E36260CF539}.Debug|Any CPU.ActiveCfg = Debug|Any CPU
		{B3B67F17-93CD-4BE7-BF7B-8E36260CF539}.Debug|Any CPU.Build.0 = Debug|Any CPU
		{B3B67F17-93CD-4BE7-BF7B-8E36260CF539}.Release|Any CPU.ActiveCfg = Release|Any CPU
		{B3B67F17-93CD-4BE7-BF7B-8E36260CF539}.Release|Any CPU.Build.0 = Release|Any CPU
	EndGlobalSection
	GlobalSection(SolutionProperties) = preSolution
		HideSolutionNode = FALSE
	EndGlobalSection
	GlobalSection(ExtensibilityGlobals) = postSolution
		SolutionGuid = {56E05447-35CF-4F18-95E0-6754D573E432}
	EndGlobalSection
EndGlobal
